
Microsoft Visual Studio Solution File, Format Version 12.00
# Visual Studio Version 17
VisualStudioVersion = 17.3.32825.248
MinimumVisualStudioVersion = 10.0.40219.1
Project("{9A19103F-16F7-4668-BE54-9A1E7A4F7556}") = "Modelo", "..\Libreria\Modelo.csproj", "{C54C3A7D-4369-48B8-8B83-20D1A0038FA7}"
EndProject
Project("{9A19103F-16F7-4668-BE54-9A1E7A4F7556}") = "ConsoleApp1", "..\ConsoleApp1\ConsoleApp1.csproj", "{5410297D-16E4-4F8E-8D18-11198DB665C5}"
EndProject
Project("{FAE04EC0-301F-11D3-BF4B-00C04F79EFBC}") = "TestClases", "..\TestClases\TestClases.csproj", "{3CE39651-75F3-4BB9-92FE-B325A158FA65}"
EndProject
Global
	GlobalSection(SolutionConfigurationPlatforms) = preSolution
		Debug|Any CPU = Debug|Any CPU
		Release|Any CPU = Release|Any CPU
	EndGlobalSection
	GlobalSection(ProjectConfigurationPlatforms) = postSolution
		{C54C3A7D-4369-48B8-8B83-20D1A0038FA7}.Debug|Any CPU.ActiveCfg = Debug|Any CPU
		{C54C3A7D-4369-48B8-8B83-20D1A0038FA7}.Debug|Any CPU.Build.0 = Debug|Any CPU
		{C54C3A7D-4369-48B8-8B83-20D1A0038FA7}.Release|Any CPU.ActiveCfg = Release|Any CPU
		{C54C3A7D-4369-48B8-8B83-20D1A0038FA7}.Release|Any CPU.Build.0 = Release|Any CPU
		{5410297D-16E4-4F8E-8D18-11198DB665C5}.Debug|Any CPU.ActiveCfg = Debug|Any CPU
		{5410297D-16E4-4F8E-8D18-11198DB665C5}.Debug|Any CPU.Build.0 = Debug|Any CPU
		{5410297D-16E4-4F8E-8D18-11198DB665C5}.Release|Any CPU.ActiveCfg = Release|Any CPU
		{5410297D-16E4-4F8E-8D18-11198DB665C5}.Release|Any CPU.Build.0 = Release|Any CPU
		{3CE39651-75F3-4BB9-92FE-B325A158FA65}.Debug|Any CPU.ActiveCfg = Debug|Any CPU
		{3CE39651-75F3-4BB9-92FE-B325A158FA65}.Debug|Any CPU.Build.0 = Debug|Any CPU
		{3CE39651-75F3-4BB9-92FE-B325A158FA65}.Release|Any CPU.ActiveCfg = Release|Any CPU
		{3CE39651-75F3-4BB9-92FE-B325A158FA65}.Release|Any CPU.Build.0 = Release|Any CPU
	EndGlobalSection
	GlobalSection(SolutionProperties) = preSolution
		HideSolutionNode = FALSE
	EndGlobalSection
	GlobalSection(ExtensibilityGlobals) = postSolution
		SolutionGuid = {32068368-8582-47A5-8C0B-601F6A281101}
	EndGlobalSection
EndGlobal
